# This file is generated by running "yarn install" inside your project.
# Manual changes might be lost - proceed with caution!

__metadata:
  version: 6
  cacheKey: 8

"@tsconfig/strictest@npm:^2.0.1":
  version: 2.0.1
  resolution: "@tsconfig/strictest@npm:2.0.1"
  checksum: 3a9b913e06c20fee0a002fc22a925370525dd917853dee2e0082de763b10a61a69d72d60d02e243629da94b3e0b98843469a3b063c0ab2a5d6716183867dd114
  languageName: node
  linkType: hard

"fastly-purge@workspace:.":
  version: 0.0.0-use.local
  resolution: "fastly-purge@workspace:."
  dependencies:
    "@tsconfig/strictest": ^2.0.1
    typescript: ^5.0.4
  languageName: unknown
  linkType: soft

"typescript@npm:^5.0.4":
  version: 5.0.4
  resolution: "typescript@npm:5.0.4"
  bin:
    tsc: bin/tsc
    tsserver: bin/tsserver
  checksum: 82b94da3f4604a8946da585f7d6c3025fff8410779e5bde2855ab130d05e4fd08938b9e593b6ebed165bda6ad9292b230984f10952cf82f0a0ca07bbeaa08172
  languageName: node
  linkType: hard

"typescript@patch:typescript@^5.0.4#~builtin<compat/typescript>":
  version: 5.0.4
  resolution: "typescript@patch:typescript@npm%3A5.0.4#~builtin<compat/typescript>::version=5.0.4&hash=85af82"
  bin:
    tsc: bin/tsc
    tsserver: bin/tsserver
  checksum: bb309d320c59a26565fb3793dba550576ab861018ff3fd1b7fccabbe46ae4a35546bc45f342c0a0b6f265c801ccdf64ffd68f548f117ceb7f0eac4b805cd52a9
  languageName: node
  linkType: hard
